
Microsoft Visual Studio Solution File, Format Version 12.00
# Visual Studio Version 16
VisualStudioVersion = 16.0.32002.261
MinimumVisualStudioVersion = 10.0.40219.1
Project("{FAE04EC0-301F-11D3-BF4B-00C04F79EFBC}") = "MyNewProject", "MyNewProject.csproj", "{5DA8E774-5E69-41A3-BB91-A1050579E959}"
EndProject
Global
	GlobalSection(SolutionConfigurationPlatforms) = preSolution
		Debug|Any CPU = Debug|Any CPU
		Release|Any CPU = Release|Any CPU
	EndGlobalSection
	GlobalSection(ProjectConfigurationPlatforms) = postSolution
		{5DA8E774-5E69-41A3-BB91-A1050579E959}.Debug|Any CPU.ActiveCfg = Debug|Any CPU
		{5DA8E774-5E69-41A3-BB91-A1050579E959}.Debug|Any CPU.Build.0 = Debug|Any CPU
		{5DA8E774-5E69-41A3-BB91-A1050579E959}.Release|Any CPU.ActiveCfg = Release|Any CPU
		{5DA8E774-5E69-41A3-BB91-A1050579E959}.Release|Any CPU.Build.0 = Release|Any CPU
	EndGlobalSection
	GlobalSection(SolutionProperties) = preSolution
		HideSolutionNode = FALSE
	EndGlobalSection
	GlobalSection(ExtensibilityGlobals) = postSolution
		SolutionGuid = {9633C819-5998-4ED7-8CB5-9F6347701D5D}
	EndGlobalSection
EndGlobal
